
Microsoft Visual Studio Solution File, Format Version 12.00
# Visual Studio Version 16
VisualStudioVersion = 16.0.29326.143
MinimumVisualStudioVersion = 10.0.40219.1
Project("{FAE04EC0-301F-11D3-BF4B-00C04F79EFBC}") = "Google-charts-api", "Google-charts-api\Google-charts-api.csproj", "{DCAA2253-9CD0-485E-BF87-27D075127511}"
EndProject
Global
	GlobalSection(SolutionConfigurationPlatforms) = preSolution
		Debug|Any CPU = Debug|Any CPU
		Release|Any CPU = Release|Any CPU
	EndGlobalSection
	GlobalSection(ProjectConfigurationPlatforms) = postSolution
		{DCAA2253-9CD0-485E-BF87-27D075127511}.Debug|Any CPU.ActiveCfg = Debug|Any CPU
		{DCAA2253-9CD0-485E-BF87-27D075127511}.Debug|Any CPU.Build.0 = Debug|Any CPU
		{DCAA2253-9CD0-485E-BF87-27D075127511}.Release|Any CPU.ActiveCfg = Release|Any CPU
		{DCAA2253-9CD0-485E-BF87-27D075127511}.Release|Any CPU.Build.0 = Release|Any CPU
	EndGlobalSection
	GlobalSection(SolutionProperties) = preSolution
		HideSolutionNode = FALSE
	EndGlobalSection
	GlobalSection(ExtensibilityGlobals) = postSolution
		SolutionGuid = {62634C6C-9BA9-4876-BD19-3BA56809F5DD}
	EndGlobalSection
EndGlobal
